// !$*UTF8*$!
{
	archiveVersion = 1;
	classes = {
	};
	objectVersion = 56;
	objects = {

/* Begin PBXBuildFile section */
		BC25B4722A39DDC700D1ACC7 /* MainApp.swift in Sources */ = {isa = PBXBuildFile; fileRef = BC25B4712A39DDC700D1ACC7 /* MainApp.swift */; };
		BC25B4742A39DDC700D1ACC7 /* StocksListView.swift in Sources */ = {isa = PBXBuildFile; fileRef = BC25B4732A39DDC700D1ACC7 /* StocksListView.swift */; };
		BC25B4762A39DDC800D1ACC7 /* Assets.xcassets in Resources */ = {isa = PBXBuildFile; fileRef = BC25B4752A39DDC800D1ACC7 /* Assets.xcassets */; };
		BC25B47A2A39DDC800D1ACC7 /* Preview Assets.xcassets in Resources */ = {isa = PBXBuildFile; fileRef = BC25B4792A39DDC800D1ACC7 /* Preview Assets.xcassets */; };
		BC25B4842A39E69100D1ACC7 /* StockModel.swift in Sources */ = {isa = PBXBuildFile; fileRef = BC25B4832A39E69100D1ACC7 /* StockModel.swift */; };
		BC25B4882A39F8CA00D1ACC7 /* StocksService.swift in Sources */ = {isa = PBXBuildFile; fileRef = BC25B4872A39F8CA00D1ACC7 /* StocksService.swift */; };
		BC25B48A2A39F9FC00D1ACC7 /* APIService.swift in Sources */ = {isa = PBXBuildFile; fileRef = BC25B4892A39F9FC00D1ACC7 /* APIService.swift */; };
		BC25B48C2A3A136A00D1ACC7 /* RealTimeQuotes.swift in Sources */ = {isa = PBXBuildFile; fileRef = BC25B48B2A3A136A00D1ACC7 /* RealTimeQuotes.swift */; };
		BCD7EBBB2A3AE4BE00A065DC /* Date+String.swift in Sources */ = {isa = PBXBuildFile; fileRef = BCD7EBBA2A3AE4BE00A065DC /* Date+String.swift */; };
		BCD7EBBD2A3AE51E00A065DC /* String+Date.swift in Sources */ = {isa = PBXBuildFile; fileRef = BCD7EBBC2A3AE51E00A065DC /* String+Date.swift */; };
		BCD7EBBF2A3AE6E300A065DC /* Formatter.swift in Sources */ = {isa = PBXBuildFile; fileRef = BCD7EBBE2A3AE6E300A065DC /* Formatter.swift */; };
		BCD7EBC12A3B1B2100A065DC /* StockView.swift in Sources */ = {isa = PBXBuildFile; fileRef = BCD7EBC02A3B1B2100A065DC /* StockView.swift */; };
/* End PBXBuildFile section */

/* Begin PBXFileReference section */
		BC25B46E2A39DDC700D1ACC7 /* stockTestAppSwiftUI.app */ = {isa = PBXFileReference; explicitFileType = wrapper.application; includeInIndex = 0; path = stockTestAppSwiftUI.app; sourceTree = BUILT_PRODUCTS_DIR; };
		BC25B4712A39DDC700D1ACC7 /* MainApp.swift */ = {isa = PBXFileReference; lastKnownFileType = sourcecode.swift; path = MainApp.swift; sourceTree = "<group>"; };
		BC25B4732A39DDC700D1ACC7 /* StocksListView.swift */ = {isa = PBXFileReference; lastKnownFileType = sourcecode.swift; path = StocksListView.swift; sourceTree = "<group>"; };
		BC25B4752A39DDC800D1ACC7 /* Assets.xcassets */ = {isa = PBXFileReference; lastKnownFileType = folder.assetcatalog; path = Assets.xcassets; sourceTree = "<group>"; };
		BC25B4772A39DDC800D1ACC7 /* stockTestAppSwiftUI.entitlements */ = {isa = PBXFileReference; lastKnownFileType = text.plist.entitlements; path = stockTestAppSwiftUI.entitlements; sourceTree = "<group>"; };
		BC25B4792A39DDC800D1ACC7 /* Preview Assets.xcassets */ = {isa = PBXFileReference; lastKnownFileType = folder.assetcatalog; path = "Preview Assets.xcassets"; sourceTree = "<group>"; };
		BC25B4832A39E69100D1ACC7 /* StockModel.swift */ = {isa = PBXFileReference; lastKnownFileType = sourcecode.swift; path = StockModel.swift; sourceTree = "<group>"; };
		BC25B4872A39F8CA00D1ACC7 /* StocksService.swift */ = {isa = PBXFileReference; lastKnownFileType = sourcecode.swift; path = StocksService.swift; sourceTree = "<group>"; };
		BC25B4892A39F9FC00D1ACC7 /* APIService.swift */ = {isa = PBXFileReference; lastKnownFileType = sourcecode.swift; path = APIService.swift; sourceTree = "<group>"; };
		BC25B48B2A3A136A00D1ACC7 /* RealTimeQuotes.swift */ = {isa = PBXFileReference; lastKnownFileType = sourcecode.swift; path = RealTimeQuotes.swift; sourceTree = "<group>"; };
		BCD7EBBA2A3AE4BE00A065DC /* Date+String.swift */ = {isa = PBXFileReference; lastKnownFileType = sourcecode.swift; path = "Date+String.swift"; sourceTree = "<group>"; };
		BCD7EBBC2A3AE51E00A065DC /* String+Date.swift */ = {isa = PBXFileReference; lastKnownFileType = sourcecode.swift; path = "String+Date.swift"; sourceTree = "<group>"; };
		BCD7EBBE2A3AE6E300A065DC /* Formatter.swift */ = {isa = PBXFileReference; lastKnownFileType = sourcecode.swift; path = Formatter.swift; sourceTree = "<group>"; };
		BCD7EBC02A3B1B2100A065DC /* StockView.swift */ = {isa = PBXFileReference; lastKnownFileType = sourcecode.swift; path = StockView.swift; sourceTree = "<group>"; };
/* End PBXFileReference section */

/* Begin PBXFrameworksBuildPhase section */
		BC25B46B2A39DDC700D1ACC7 /* Frameworks */ = {
			isa = PBXFrameworksBuildPhase;
			buildActionMask = 2147483647;
			files = (
			);
			runOnlyForDeploymentPostprocessing = 0;
		};
/* End PBXFrameworksBuildPhase section */

/* Begin PBXGroup section */
		BC25B4652A39DDC700D1ACC7 = {
			isa = PBXGroup;
			children = (
				BC25B4702A39DDC700D1ACC7 /* stockTestAppSwiftUI */,
				BC25B46F2A39DDC700D1ACC7 /* Products */,
			);
			sourceTree = "<group>";
		};
		BC25B46F2A39DDC700D1ACC7 /* Products */ = {
			isa = PBXGroup;
			children = (
				BC25B46E2A39DDC700D1ACC7 /* stockTestAppSwiftUI.app */,
			);
			name = Products;
			sourceTree = "<group>";
		};
		BC25B4702A39DDC700D1ACC7 /* stockTestAppSwiftUI */ = {
			isa = PBXGroup;
			children = (
				BCD7EBB92A3AE4B500A065DC /* Extensions */,
				BC25B4822A39E68600D1ACC7 /* Models */,
				BC25B4812A39DE5F00D1ACC7 /* UI */,
				BC25B4802A39DE4900D1ACC7 /* Services */,
				BC25B4752A39DDC800D1ACC7 /* Assets.xcassets */,
				BC25B4772A39DDC800D1ACC7 /* stockTestAppSwiftUI.entitlements */,
				BC25B4782A39DDC800D1ACC7 /* Preview Content */,
			);
			path = stockTestAppSwiftUI;
			sourceTree = "<group>";
		};
		BC25B4782A39DDC800D1ACC7 /* Preview Content */ = {
			isa = PBXGroup;
			children = (
				BC25B4792A39DDC800D1ACC7 /* Preview Assets.xcassets */,
			);
			path = "Preview Content";
			sourceTree = "<group>";
		};
		BC25B4802A39DE4900D1ACC7 /* Services */ = {
			isa = PBXGroup;
			children = (
				BC25B4872A39F8CA00D1ACC7 /* StocksService.swift */,
				BC25B4892A39F9FC00D1ACC7 /* APIService.swift */,
			);
			path = Services;
			sourceTree = "<group>";
		};
		BC25B4812A39DE5F00D1ACC7 /* UI */ = {
			isa = PBXGroup;
			children = (
				BC25B4712A39DDC700D1ACC7 /* MainApp.swift */,
				BC25B4732A39DDC700D1ACC7 /* StocksListView.swift */,
				BCD7EBC02A3B1B2100A065DC /* StockView.swift */,
			);
			path = UI;
			sourceTree = "<group>";
		};
		BC25B4822A39E68600D1ACC7 /* Models */ = {
			isa = PBXGroup;
			children = (
				BC25B4832A39E69100D1ACC7 /* StockModel.swift */,
				BC25B48B2A3A136A00D1ACC7 /* RealTimeQuotes.swift */,
			);
			path = Models;
			sourceTree = "<group>";
		};
		BCD7EBB92A3AE4B500A065DC /* Extensions */ = {
			isa = PBXGroup;
			children = (
				BCD7EBBA2A3AE4BE00A065DC /* Date+String.swift */,
				BCD7EBBC2A3AE51E00A065DC /* String+Date.swift */,
				BCD7EBBE2A3AE6E300A065DC /* Formatter.swift */,
			);
			path = Extensions;
			sourceTree = "<group>";
		};
/* End PBXGroup section */

/* Begin PBXNativeTarget section */
		BC25B46D2A39DDC700D1ACC7 /* stockTestAppSwiftUI */ = {
			isa = PBXNativeTarget;
			buildConfigurationList = BC25B47D2A39DDC800D1ACC7 /* Build configuration list for PBXNativeTarget "stockTestAppSwiftUI" */;
			buildPhases = (
				BC25B46A2A39DDC700D1ACC7 /* Sources */,
				BC25B46B2A39DDC700D1ACC7 /* Frameworks */,
				BC25B46C2A39DDC700D1ACC7 /* Resources */,
			);
			buildRules = (
			);
			dependencies = (
			);
			name = stockTestAppSwiftUI;
			productName = stockTestAppSwiftUI;
			productReference = BC25B46E2A39DDC700D1ACC7 /* stockTestAppSwiftUI.app */;
			productType = "com.apple.product-type.application";
		};
/* End PBXNativeTarget section */

/* Begin PBXProject section */
		BC25B4662A39DDC700D1ACC7 /* Project object */ = {
			isa = PBXProject;
			attributes = {
				BuildIndependentTargetsInParallel = 1;
				LastSwiftUpdateCheck = 1500;
				LastUpgradeCheck = 1500;
				TargetAttributes = {
					BC25B46D2A39DDC700D1ACC7 = {
						CreatedOnToolsVersion = 15.0;
					};
				};
			};
			buildConfigurationList = BC25B4692A39DDC700D1ACC7 /* Build configuration list for PBXProject "stockTestAppSwiftUI" */;
			compatibilityVersion = "Xcode 14.0";
			developmentRegion = en;
			hasScannedForEncodings = 0;
			knownRegions = (
				en,
				Base,
			);
			mainGroup = BC25B4652A39DDC700D1ACC7;
			productRefGroup = BC25B46F2A39DDC700D1ACC7 /* Products */;
			projectDirPath = "";
			projectRoot = "";
			targets = (
				BC25B46D2A39DDC700D1ACC7 /* stockTestAppSwiftUI */,
			);
		};
/* End PBXProject section */

/* Begin PBXResourcesBuildPhase section */
		BC25B46C2A39DDC700D1ACC7 /* Resources */ = {
			isa = PBXResourcesBuildPhase;
			buildActionMask = 2147483647;
			files = (
				BC25B47A2A39DDC800D1ACC7 /* Preview Assets.xcassets in Resources */,
				BC25B4762A39DDC800D1ACC7 /* Assets.xcassets in Resources */,
			);
			runOnlyForDeploymentPostprocessing = 0;
		};
/* End PBXResourcesBuildPhase section */

/* Begin PBXSourcesBuildPhase section */
		BC25B46A2A39DDC700D1ACC7 /* Sources */ = {
			isa = PBXSourcesBuildPhase;
			buildActionMask = 2147483647;
			files = (
				BC25B4742A39DDC700D1ACC7 /* StocksListView.swift in Sources */,
				BC25B4722A39DDC700D1ACC7 /* MainApp.swift in Sources */,
				BCD7EBBF2A3AE6E300A065DC /* Formatter.swift in Sources */,
				BC25B4882A39F8CA00D1ACC7 /* StocksService.swift in Sources */,
				BC25B4842A39E69100D1ACC7 /* StockModel.swift in Sources */,
				BCD7EBBB2A3AE4BE00A065DC /* Date+String.swift in Sources */,
				BCD7EBC12A3B1B2100A065DC /* StockView.swift in Sources */,
				BC25B48C2A3A136A00D1ACC7 /* RealTimeQuotes.swift in Sources */,
				BC25B48A2A39F9FC00D1ACC7 /* APIService.swift in Sources */,
				BCD7EBBD2A3AE51E00A065DC /* String+Date.swift in Sources */,
			);
			runOnlyForDeploymentPostprocessing = 0;
		};
/* End PBXSourcesBuildPhase section */

/* Begin XCBuildConfiguration section */
		BC25B47B2A39DDC800D1ACC7 /* Debug */ = {
			isa = XCBuildConfiguration;
			buildSettings = {
				ALWAYS_SEARCH_USER_PATHS = NO;
				ASSETCATALOG_COMPILER_GENERATE_SWIFT_ASSET_SYMBOL_EXTENSIONS = YES;
				CLANG_ANALYZER_NONNULL = YES;
				CLANG_ANALYZER_NUMBER_OBJECT_CONVERSION = YES_AGGRESSIVE;
				CLANG_CXX_LANGUAGE_STANDARD = "gnu++20";
				CLANG_ENABLE_MODULES = YES;
				CLANG_ENABLE_OBJC_ARC = YES;
				CLANG_ENABLE_OBJC_WEAK = YES;
				CLANG_WARN_BLOCK_CAPTURE_AUTORELEASING = YES;
				CLANG_WARN_BOOL_CONVERSION = YES;
				CLANG_WARN_COMMA = YES;
				CLANG_WARN_CONSTANT_CONVERSION = YES;
				CLANG_WARN_DEPRECATED_OBJC_IMPLEMENTATIONS = YES;
				CLANG_WARN_DIRECT_OBJC_ISA_USAGE = YES_ERROR;
				CLANG_WARN_DOCUMENTATION_COMMENTS = YES;
				CLANG_WARN_EMPTY_BODY = YES;
				CLANG_WARN_ENUM_CONVERSION = YES;
				CLANG_WARN_INFINITE_RECURSION = YES;
				CLANG_WARN_INT_CONVERSION = YES;
				CLANG_WARN_NON_LITERAL_NULL_CONVERSION = YES;
				CLANG_WARN_OBJC_IMPLICIT_RETAIN_SELF = YES;
				CLANG_WARN_OBJC_LITERAL_CONVERSION = YES;
				CLANG_WARN_OBJC_ROOT_CLASS = YES_ERROR;
				CLANG_WARN_QUOTED_INCLUDE_IN_FRAMEWORK_HEADER = YES;
				CLANG_WARN_RANGE_LOOP_ANALYSIS = YES;
				CLANG_WARN_STRICT_PROTOTYPES = YES;
				CLANG_WARN_SUSPICIOUS_MOVE = YES;
				CLANG_WARN_UNGUARDED_AVAILABILITY = YES_AGGRESSIVE;
				CLANG_WARN_UNREACHABLE_CODE = YES;
				CLANG_WARN__DUPLICATE_METHOD_MATCH = YES;
				COPY_PHASE_STRIP = NO;
				DEBUG_INFORMATION_FORMAT = dwarf;
				ENABLE_STRICT_OBJC_MSGSEND = YES;
				ENABLE_TESTABILITY = YES;
				ENABLE_USER_SCRIPT_SANDBOXING = YES;
				GCC_C_LANGUAGE_STANDARD = gnu17;
				GCC_DYNAMIC_NO_PIC = NO;
				GCC_NO_COMMON_BLOCKS = YES;
				GCC_OPTIMIZATION_LEVEL = 0;
				GCC_PREPROCESSOR_DEFINITIONS = (
					"DEBUG=1",
					"$(inherited)",
				);
				GCC_WARN_64_TO_32_BIT_CONVERSION = YES;
				GCC_WARN_ABOUT_RETURN_TYPE = YES_ERROR;
				GCC_WARN_UNDECLARED_SELECTOR = YES;
				GCC_WARN_UNINITIALIZED_AUTOS = YES_AGGRESSIVE;
				GCC_WARN_UNUSED_FUNCTION = YES;
				GCC_WARN_UNUSED_VARIABLE = YES;
				LOCALIZATION_PREFERS_STRING_CATALOGS = YES;
				MTL_ENABLE_DEBUG_INFO = INCLUDE_SOURCE;
				MTL_FAST_MATH = YES;
				ONLY_ACTIVE_ARCH = YES;
				SWIFT_ACTIVE_COMPILATION_CONDITIONS = "DEBUG $(inherited)";
				SWIFT_OPTIMIZATION_LEVEL = "-Onone";
			};
			name = Debug;
		};
		BC25B47C2A39DDC800D1ACC7 /* Release */ = {
			isa = XCBuildConfiguration;
			buildSettings = {
				ALWAYS_SEARCH_USER_PATHS = NO;
				ASSETCATALOG_COMPILER_GENERATE_SWIFT_ASSET_SYMBOL_EXTENSIONS = YES;
				CLANG_ANALYZER_NONNULL = YES;
				CLANG_ANALYZER_NUMBER_OBJECT_CONVERSION = YES_AGGRESSIVE;
				CLANG_CXX_LANGUAGE_STANDARD = "gnu++20";
				CLANG_ENABLE_MODULES = YES;
				CLANG_ENABLE_OBJC_ARC = YES;
				CLANG_ENABLE_OBJC_WEAK = YES;
				CLANG_WARN_BLOCK_CAPTURE_AUTORELEASING = YES;
				CLANG_WARN_BOOL_CONVERSION = YES;
				CLANG_WARN_COMMA = YES;
				CLANG_WARN_CONSTANT_CONVERSION = YES;
				CLANG_WARN_DEPRECATED_OBJC_IMPLEMENTATIONS = YES;
				CLANG_WARN_DIRECT_OBJC_ISA_USAGE = YES_ERROR;
				CLANG_WARN_DOCUMENTATION_COMMENTS = YES;
				CLANG_WARN_EMPTY_BODY = YES;
				CLANG_WARN_ENUM_CONVERSION = YES;
				CLANG_WARN_INFINITE_RECURSION = YES;
				CLANG_WARN_INT_CONVERSION = YES;
				CLANG_WARN_NON_LITERAL_NULL_CONVERSION = YES;
				CLANG_WARN_OBJC_IMPLICIT_RETAIN_SELF = YES;
				CLANG_WARN_OBJC_LITERAL_CONVERSION = YES;
				CLANG_WARN_OBJC_ROOT_CLASS = YES_ERROR;
				CLANG_WARN_QUOTED_INCLUDE_IN_FRAMEWORK_HEADER = YES;
				CLANG_WARN_RANGE_LOOP_ANALYSIS = YES;
				CLANG_WARN_STRICT_PROTOTYPES = YES;
				CLANG_WARN_SUSPICIOUS_MOVE = YES;
				CLANG_WARN_UNGUARDED_AVAILABILITY = YES_AGGRESSIVE;
				CLANG_WARN_UNREACHABLE_CODE = YES;
				CLANG_WARN__DUPLICATE_METHOD_MATCH = YES;
				COPY_PHASE_STRIP = NO;
				DEBUG_INFORMATION_FORMAT = "dwarf-with-dsym";
				ENABLE_NS_ASSERTIONS = NO;
				ENABLE_STRICT_OBJC_MSGSEND = YES;
				ENABLE_USER_SCRIPT_SANDBOXING = YES;
				GCC_C_LANGUAGE_STANDARD = gnu17;
				GCC_NO_COMMON_BLOCKS = YES;
				GCC_WARN_64_TO_32_BIT_CONVERSION = YES;
				GCC_WARN_ABOUT_RETURN_TYPE = YES_ERROR;
				GCC_WARN_UNDECLARED_SELECTOR = YES;
				GCC_WARN_UNINITIALIZED_AUTOS = YES_AGGRESSIVE;
				GCC_WARN_UNUSED_FUNCTION = YES;
				GCC_WARN_UNUSED_VARIABLE = YES;
				LOCALIZATION_PREFERS_STRING_CATALOGS = YES;
				MTL_ENABLE_DEBUG_INFO = NO;
				MTL_FAST_MATH = YES;
				SWIFT_COMPILATION_MODE = wholemodule;
			};
			name = Release;
		};
		BC25B47E2A39DDC800D1ACC7 /* Debug */ = {
			isa = XCBuildConfiguration;
			buildSettings = {
				ASSETCATALOG_COMPILER_APPICON_NAME = AppIcon;
				ASSETCATALOG_COMPILER_GLOBAL_ACCENT_COLOR_NAME = AccentColor;
				CODE_SIGN_ENTITLEMENTS = stockTestAppSwiftUI/stockTestAppSwiftUI.entitlements;
				CODE_SIGN_STYLE = Automatic;
				CURRENT_PROJECT_VERSION = 1;
				DEVELOPMENT_ASSET_PATHS = "\"stockTestAppSwiftUI/Preview Content\"";
				DEVELOPMENT_TEAM = 9WW9Z623Y6;
				ENABLE_HARDENED_RUNTIME = YES;
				ENABLE_PREVIEWS = YES;
				GENERATE_INFOPLIST_FILE = YES;
				"INFOPLIST_KEY_UIApplicationSceneManifest_Generation[sdk=iphoneos*]" = YES;
				"INFOPLIST_KEY_UIApplicationSceneManifest_Generation[sdk=iphonesimulator*]" = YES;
				"INFOPLIST_KEY_UIApplicationSupportsIndirectInputEvents[sdk=iphoneos*]" = YES;
				"INFOPLIST_KEY_UIApplicationSupportsIndirectInputEvents[sdk=iphonesimulator*]" = YES;
				"INFOPLIST_KEY_UILaunchScreen_Generation[sdk=iphoneos*]" = YES;
				"INFOPLIST_KEY_UILaunchScreen_Generation[sdk=iphonesimulator*]" = YES;
				"INFOPLIST_KEY_UIStatusBarStyle[sdk=iphoneos*]" = UIStatusBarStyleDefault;
				"INFOPLIST_KEY_UIStatusBarStyle[sdk=iphonesimulator*]" = UIStatusBarStyleDefault;
				INFOPLIST_KEY_UISupportedInterfaceOrientations_iPad = "UIInterfaceOrientationPortrait UIInterfaceOrientationPortraitUpsideDown UIInterfaceOrientationLandscapeLeft UIInterfaceOrientationLandscapeRight";
				INFOPLIST_KEY_UISupportedInterfaceOrientations_iPhone = "UIInterfaceOrientationPortrait UIInterfaceOrientationLandscapeLeft UIInterfaceOrientationLandscapeRight";
				IPHONEOS_DEPLOYMENT_TARGET = 17.0;
				LD_RUNPATH_SEARCH_PATHS = "@executable_path/Frameworks";
				"LD_RUNPATH_SEARCH_PATHS[sdk=macosx*]" = "@executable_path/../Frameworks";
				MACOSX_DEPLOYMENT_TARGET = 13.4;
				MARKETING_VERSION = 1.0;
				PRODUCT_BUNDLE_IDENTIFIER = den4iklvivua.stockTestAppSwiftUI;
				PRODUCT_NAME = "$(TARGET_NAME)";
				SDKROOT = auto;
				SUPPORTED_PLATFORMS = "iphoneos iphonesimulator macosx";
				SWIFT_EMIT_LOC_STRINGS = YES;
				SWIFT_VERSION = 5.0;
				TARGETED_DEVICE_FAMILY = "1,2";
			};
			name = Debug;
		};
		BC25B47F2A39DDC800D1ACC7 /* Release */ = {
			isa = XCBuildConfiguration;
			buildSettings = {
				ASSETCATALOG_COMPILER_APPICON_NAME = AppIcon;
				ASSETCATALOG_COMPILER_GLOBAL_ACCENT_COLOR_NAME = AccentColor;
				CODE_SIGN_ENTITLEMENTS = stockTestAppSwiftUI/stockTestAppSwiftUI.entitlements;
				CODE_SIGN_STYLE = Automatic;
				CURRENT_PROJECT_VERSION = 1;
				DEVELOPMENT_ASSET_PATHS = "\"stockTestAppSwiftUI/Preview Content\"";
				DEVELOPMENT_TEAM = 9WW9Z623Y6;
				ENABLE_HARDENED_RUNTIME = YES;
				ENABLE_PREVIEWS = YES;
				GENERATE_INFOPLIST_FILE = YES;
				"INFOPLIST_KEY_UIApplicationSceneManifest_Generation[sdk=iphoneos*]" = YES;
				"INFOPLIST_KEY_UIApplicationSceneManifest_Generation[sdk=iphonesimulator*]" = YES;
				"INFOPLIST_KEY_UIApplicationSupportsIndirectInputEvents[sdk=iphoneos*]" = YES;
				"INFOPLIST_KEY_UIApplicationSupportsIndirectInputEvents[sdk=iphonesimulator*]" = YES;
				"INFOPLIST_KEY_UILaunchScreen_Generation[sdk=iphoneos*]" = YES;
				"INFOPLIST_KEY_UILaunchScreen_Generation[sdk=iphonesimulator*]" = YES;
				"INFOPLIST_KEY_UIStatusBarStyle[sdk=iphoneos*]" = UIStatusBarStyleDefault;
				"INFOPLIST_KEY_UIStatusBarStyle[sdk=iphonesimulator*]" = UIStatusBarStyleDefault;
				INFOPLIST_KEY_UISupportedInterfaceOrientations_iPad = "UIInterfaceOrientationPortrait UIInterfaceOrientationPortraitUpsideDown UIInterfaceOrientationLandscapeLeft UIInterfaceOrientationLandscapeRight";
				INFOPLIST_KEY_UISupportedInterfaceOrientations_iPhone = "UIInterfaceOrientationPortrait UIInterfaceOrientationLandscapeLeft UIInterfaceOrientationLandscapeRight";
				IPHONEOS_DEPLOYMENT_TARGET = 17.0;
				LD_RUNPATH_SEARCH_PATHS = "@executable_path/Frameworks";
				"LD_RUNPATH_SEARCH_PATHS[sdk=macosx*]" = "@executable_path/../Frameworks";
				MACOSX_DEPLOYMENT_TARGET = 13.4;
				MARKETING_VERSION = 1.0;
				PRODUCT_BUNDLE_IDENTIFIER = den4iklvivua.stockTestAppSwiftUI;
				PRODUCT_NAME = "$(TARGET_NAME)";
				SDKROOT = auto;
				SUPPORTED_PLATFORMS = "iphoneos iphonesimulator macosx";
				SWIFT_EMIT_LOC_STRINGS = YES;
				SWIFT_VERSION = 5.0;
				TARGETED_DEVICE_FAMILY = "1,2";
			};
			name = Release;
		};
/* End XCBuildConfiguration section */

/* Begin XCConfigurationList section */
		BC25B4692A39DDC700D1ACC7 /* Build configuration list for PBXProject "stockTestAppSwiftUI" */ = {
			isa = XCConfigurationList;
			buildConfigurations = (
				BC25B47B2A39DDC800D1ACC7 /* Debug */,
				BC25B47C2A39DDC800D1ACC7 /* Release */,
			);
			defaultConfigurationIsVisible = 0;
			defaultConfigurationName = Release;
		};
		BC25B47D2A39DDC800D1ACC7 /* Build configuration list for PBXNativeTarget "stockTestAppSwiftUI" */ = {
			isa = XCConfigurationList;
			buildConfigurations = (
				BC25B47E2A39DDC800D1ACC7 /* Debug */,
				BC25B47F2A39DDC800D1ACC7 /* Release */,
			);
			defaultConfigurationIsVisible = 0;
			defaultConfigurationName = Release;
		};
/* End XCConfigurationList section */
	};
	rootObject = BC25B4662A39DDC700D1ACC7 /* Project object */;
}
